
Microsoft Visual Studio Solution File, Format Version 12.00
# Visual Studio Version 16
VisualStudioVersion = 16.0.30611.23
MinimumVisualStudioVersion = 10.0.40219.1
Project("{9A19103F-16F7-4668-BE54-9A1E7A4F7556}") = "NovoNStandSpeedWayV2.Test.DAL.MsSQL", "NovoActivoFijoV2.Test.DAL.MsSQL\NovoNStandSpeedWayV2.Test.DAL.MsSQL.csproj", "{FBA54699-4928-4936-96B5-4EF3DD84AF20}"
EndProject
Project("{9A19103F-16F7-4668-BE54-9A1E7A4F7556}") = "NovoNStandSpeedWayV2.Poblador", "NovoActivoFijoV2.Poblador\NovoNStandSpeedWayV2.Poblador.csproj", "{72018CCA-F59D-4FE7-9888-3C825C752CF5}"
EndProject
Project("{9A19103F-16F7-4668-BE54-9A1E7A4F7556}") = "DAL.MsSQL", "NovoActivoFijoV2.DAL.MsSQL\DAL.MsSQL.csproj", "{40A28D8A-8E71-4FF3-9C3F-320376D0691E}"
EndProject
Project("{9A19103F-16F7-4668-BE54-9A1E7A4F7556}") = "COMMON", "NovoActivoFijoV2.COMMON\COMMON.csproj", "{E94F903B-F9D2-4FB0-9A13-E7E41699CB3A}"
EndProject
Project("{9A19103F-16F7-4668-BE54-9A1E7A4F7556}") = "BIZ.API", "NovoActivoFijoV2.BIZ.API\BIZ.API.csproj", "{BDB618FA-CEF2-4027-A12E-284086D574D6}"
EndProject
Project("{9A19103F-16F7-4668-BE54-9A1E7A4F7556}") = "BIZ", "NovoActivoFijoV2.BIZ\BIZ.csproj", "{5651E03B-1260-4E38-AC79-1EC940A6D193}"
EndProject
Project("{9A19103F-16F7-4668-BE54-9A1E7A4F7556}") = "NovoNStandSpeedWayV2.API", "NovoActivoFijoV2.API\NovoNStandSpeedWayV2.API.csproj", "{8153BE18-DF5F-40FC-B87F-AAD5665EF5CD}"
EndProject
Project("{2150E333-8FDC-42A3-9474-1A3956D46DE8}") = "Capas Superiores", "Capas Superiores", "{093378DE-8A11-4D79-A865-103143507224}"
EndProject
Project("{2150E333-8FDC-42A3-9474-1A3956D46DE8}") = "Capas Base", "Capas Base", "{5C5E032B-BBB0-46CC-BF27-9D956B2EE0BB}"
EndProject
Project("{2150E333-8FDC-42A3-9474-1A3956D46DE8}") = "Pruebas", "Pruebas", "{6955B199-EDB9-4F60-A8E7-1FA286DBD0AF}"
EndProject
Project("{2150E333-8FDC-42A3-9474-1A3956D46DE8}") = "Consola", "Consola", "{4C07ECEE-F4FF-4614-87CC-0E89C5A1D6BB}"
EndProject
Project("{9A19103F-16F7-4668-BE54-9A1E7A4F7556}") = "NovoNStandSpeedWayV2.WEB", "NovoNStandSpeedWayV2.WEB\NovoNStandSpeedWayV2.WEB.csproj", "{C16F8CF6-A57F-43FE-98A0-604C0432A918}"
EndProject
Global
	GlobalSection(SolutionConfigurationPlatforms) = preSolution
		Debug|Any CPU = Debug|Any CPU
		Release|Any CPU = Release|Any CPU
	EndGlobalSection
	GlobalSection(ProjectConfigurationPlatforms) = postSolution
		{FBA54699-4928-4936-96B5-4EF3DD84AF20}.Debug|Any CPU.ActiveCfg = Debug|Any CPU
		{FBA54699-4928-4936-96B5-4EF3DD84AF20}.Debug|Any CPU.Build.0 = Debug|Any CPU
		{FBA54699-4928-4936-96B5-4EF3DD84AF20}.Release|Any CPU.ActiveCfg = Release|Any CPU
		{FBA54699-4928-4936-96B5-4EF3DD84AF20}.Release|Any CPU.Build.0 = Release|Any CPU
		{72018CCA-F59D-4FE7-9888-3C825C752CF5}.Debug|Any CPU.ActiveCfg = Debug|Any CPU
		{72018CCA-F59D-4FE7-9888-3C825C752CF5}.Debug|Any CPU.Build.0 = Debug|Any CPU
		{72018CCA-F59D-4FE7-9888-3C825C752CF5}.Release|Any CPU.ActiveCfg = Release|Any CPU
		{72018CCA-F59D-4FE7-9888-3C825C752CF5}.Release|Any CPU.Build.0 = Release|Any CPU
		{40A28D8A-8E71-4FF3-9C3F-320376D0691E}.Debug|Any CPU.ActiveCfg = Debug|Any CPU
		{40A28D8A-8E71-4FF3-9C3F-320376D0691E}.Debug|Any CPU.Build.0 = Debug|Any CPU
		{40A28D8A-8E71-4FF3-9C3F-320376D0691E}.Release|Any CPU.ActiveCfg = Release|Any CPU
		{40A28D8A-8E71-4FF3-9C3F-320376D0691E}.Release|Any CPU.Build.0 = Release|Any CPU
		{E94F903B-F9D2-4FB0-9A13-E7E41699CB3A}.Debug|Any CPU.ActiveCfg = Debug|Any CPU
		{E94F903B-F9D2-4FB0-9A13-E7E41699CB3A}.Debug|Any CPU.Build.0 = Debug|Any CPU
		{E94F903B-F9D2-4FB0-9A13-E7E41699CB3A}.Release|Any CPU.ActiveCfg = Release|Any CPU
		{E94F903B-F9D2-4FB0-9A13-E7E41699CB3A}.Release|Any CPU.Build.0 = Release|Any CPU
		{BDB618FA-CEF2-4027-A12E-284086D574D6}.Debug|Any CPU.ActiveCfg = Debug|Any CPU
		{BDB618FA-CEF2-4027-A12E-284086D574D6}.Debug|Any CPU.Build.0 = Debug|Any CPU
		{BDB618FA-CEF2-4027-A12E-284086D574D6}.Release|Any CPU.ActiveCfg = Release|Any CPU
		{BDB618FA-CEF2-4027-A12E-284086D574D6}.Release|Any CPU.Build.0 = Release|Any CPU
		{5651E03B-1260-4E38-AC79-1EC940A6D193}.Debug|Any CPU.ActiveCfg = Debug|Any CPU
		{5651E03B-1260-4E38-AC79-1EC940A6D193}.Debug|Any CPU.Build.0 = Debug|Any CPU
		{5651E03B-1260-4E38-AC79-1EC940A6D193}.Release|Any CPU.ActiveCfg = Release|Any CPU
		{5651E03B-1260-4E38-AC79-1EC940A6D193}.Release|Any CPU.Build.0 = Release|Any CPU
		{8153BE18-DF5F-40FC-B87F-AAD5665EF5CD}.Debug|Any CPU.ActiveCfg = Debug|Any CPU
		{8153BE18-DF5F-40FC-B87F-AAD5665EF5CD}.Debug|Any CPU.Build.0 = Debug|Any CPU
		{8153BE18-DF5F-40FC-B87F-AAD5665EF5CD}.Release|Any CPU.ActiveCfg = Release|Any CPU
		{8153BE18-DF5F-40FC-B87F-AAD5665EF5CD}.Release|Any CPU.Build.0 = Release|Any CPU
		{C16F8CF6-A57F-43FE-98A0-604C0432A918}.Debug|Any CPU.ActiveCfg = Debug|Any CPU
		{C16F8CF6-A57F-43FE-98A0-604C0432A918}.Debug|Any CPU.Build.0 = Debug|Any CPU
		{C16F8CF6-A57F-43FE-98A0-604C0432A918}.Release|Any CPU.ActiveCfg = Release|Any CPU
		{C16F8CF6-A57F-43FE-98A0-604C0432A918}.Release|Any CPU.Build.0 = Release|Any CPU
	EndGlobalSection
	GlobalSection(SolutionProperties) = preSolution
		HideSolutionNode = FALSE
	EndGlobalSection
	GlobalSection(NestedProjects) = preSolution
		{FBA54699-4928-4936-96B5-4EF3DD84AF20} = {6955B199-EDB9-4F60-A8E7-1FA286DBD0AF}
		{72018CCA-F59D-4FE7-9888-3C825C752CF5} = {4C07ECEE-F4FF-4614-87CC-0E89C5A1D6BB}
		{40A28D8A-8E71-4FF3-9C3F-320376D0691E} = {5C5E032B-BBB0-46CC-BF27-9D956B2EE0BB}
		{E94F903B-F9D2-4FB0-9A13-E7E41699CB3A} = {5C5E032B-BBB0-46CC-BF27-9D956B2EE0BB}
		{BDB618FA-CEF2-4027-A12E-284086D574D6} = {5C5E032B-BBB0-46CC-BF27-9D956B2EE0BB}
		{5651E03B-1260-4E38-AC79-1EC940A6D193} = {5C5E032B-BBB0-46CC-BF27-9D956B2EE0BB}
		{8153BE18-DF5F-40FC-B87F-AAD5665EF5CD} = {093378DE-8A11-4D79-A865-103143507224}
		{C16F8CF6-A57F-43FE-98A0-604C0432A918} = {093378DE-8A11-4D79-A865-103143507224}
	EndGlobalSection
	GlobalSection(ExtensibilityGlobals) = postSolution
		SolutionGuid = {4C5860BF-B30C-4BAE-A5BD-22FA420922A7}
	EndGlobalSection
EndGlobal
